<?xml version="1.0" encoding="utf-8"?>
<Project ToolsVersion="4.0" xmlns="http://schemas.microsoft.com/developer/msbuild/2003">
  <ItemGroup>
    <Filter Include="头文件">
      <UniqueIdentifier>{93995380-89BD-4b04-88EB-625FBE52EBFB}</UniqueIdentifier>
      <Extensions>h;hpp;hxx;hm;inl;inc;xsd</Extensions>
    </Filter>
    <Filter Include="资源文件">
      <UniqueIdentifier>{67DA6AB6-F800-4c08-8B7A-83BB121AAD01}</UniqueIdentifier>
      <Extensions>rc;ico;cur;bmp;dlg;rc2;rct;bin;rgs;gif;jpg;jpeg;jpe;resx;tiff;tif;png;wav;mfcribbon-ms</Extensions>
    </Filter>
    <Filter Include="游戏引擎">
      <UniqueIdentifier>{55adc26d-9940-45f4-8d64-25568d13fcd6}</UniqueIdentifier>
    </Filter>
    <Filter Include="游戏引擎\主模块">
      <UniqueIdentifier>{cc983cc2-4164-494a-9e72-60dce0f595dd}</UniqueIdentifier>
    </Filter>
    <Filter Include="游戏引擎\内存管理">
      <UniqueIdentifier>{ab2d87b9-8b9b-422a-9359-005fe31df0d4}</UniqueIdentifier>
    </Filter>
    <Filter Include="游戏引擎\模型">
      <UniqueIdentifier>{4724d4d4-d2f6-4a87-9ebc-091b4efb386b}</UniqueIdentifier>
    </Filter>
    <Filter Include="游戏引擎\模型\源文件">
      <UniqueIdentifier>{4b6c9363-115f-4152-a770-2409adbfb010}</UniqueIdentifier>
    </Filter>
    <Filter Include="游戏引擎\模型\头文件">
      <UniqueIdentifier>{ea8eaa42-e8fb-4c85-a2ed-cc3812d887c9}</UniqueIdentifier>
    </Filter>
    <Filter Include="游戏引擎\模型\状态机模型">
      <UniqueIdentifier>{27aaa931-f496-40c4-a16d-68c76e9b17c3}</UniqueIdentifier>
    </Filter>
    <Filter Include="源文件">
      <UniqueIdentifier>{4FC737F1-C7A5-4376-A066-2A32D752A2FF}</UniqueIdentifier>
      <Extensions>cpp;c;cc;cxx;def;odl;idl;hpj;bat;asm;asmx</Extensions>
    </Filter>
    <Filter Include="游戏引擎\通用模块">
      <UniqueIdentifier>{176de1d8-5584-46a0-b76b-0b3d51f82a7b}</UniqueIdentifier>
    </Filter>
    <Filter Include="游戏引擎\通用模块\源文件">
      <UniqueIdentifier>{9f30d3ea-efc9-4128-ab27-16d1d0d56c49}</UniqueIdentifier>
    </Filter>
    <Filter Include="游戏引擎\通用模块\头文件">
      <UniqueIdentifier>{c8b88050-c9e2-4f6c-9484-2e0559d4bd8a}</UniqueIdentifier>
    </Filter>
    <Filter Include="游戏">
      <UniqueIdentifier>{a087d907-2afb-45a1-965c-66855a13a33e}</UniqueIdentifier>
    </Filter>
    <Filter Include="游戏\模型">
      <UniqueIdentifier>{3cb2cb37-05a7-4198-9284-d211a1f0de3a}</UniqueIdentifier>
    </Filter>
    <Filter Include="游戏\系统">
      <UniqueIdentifier>{1e31b521-68dc-48d8-a255-531024479a64}</UniqueIdentifier>
    </Filter>
    <Filter Include="游戏\系统\战斗">
      <UniqueIdentifier>{f8b37ebd-c320-4a62-b4c4-32ce1b54e520}</UniqueIdentifier>
    </Filter>
    <Filter Include="游戏引擎\模型\头文件\工具类">
      <UniqueIdentifier>{d67b8cbe-1bbd-4187-8810-c127a04ac3c3}</UniqueIdentifier>
    </Filter>
    <Filter Include="游戏\管理器">
      <UniqueIdentifier>{510f24a8-1e1f-4e06-aec1-1e956386e260}</UniqueIdentifier>
    </Filter>
    <Filter Include="游戏\模型\角色">
      <UniqueIdentifier>{091f38e1-a584-47d0-a1d7-6a1e994efba7}</UniqueIdentifier>
    </Filter>
    <Filter Include="游戏\模型\道具">
      <UniqueIdentifier>{d234e5a9-51f5-4aea-bd43-5524a47f3944}</UniqueIdentifier>
    </Filter>
    <Filter Include="游戏\模型\区域">
      <UniqueIdentifier>{174bed56-cb81-4647-a38c-2129066711ef}</UniqueIdentifier>
    </Filter>
    <Filter Include="游戏\模型\任务">
      <UniqueIdentifier>{23282066-3b43-42d9-967b-42f87d097e0f}</UniqueIdentifier>
    </Filter>
    <Filter Include="游戏\脚本">
      <UniqueIdentifier>{e4658c7a-1ec6-462e-9e32-5f017fdd1406}</UniqueIdentifier>
    </Filter>
    <Filter Include="游戏\系统\装备合成">
      <UniqueIdentifier>{16f3382c-6707-40de-ac3a-cc58cdbe8737}</UniqueIdentifier>
    </Filter>
    <Filter Include="游戏\系统\背包">
      <UniqueIdentifier>{1e397b57-21b7-401b-abae-74bbaacf65e4}</UniqueIdentifier>
    </Filter>
    <Filter Include="游戏\UI">
      <UniqueIdentifier>{f9ae6dc0-2f26-406e-a138-241f5d027a08}</UniqueIdentifier>
    </Filter>
    <Filter Include="游戏\登陆注册">
      <UniqueIdentifier>{cb543964-2290-49b3-8b28-cdcd72c705b4}</UniqueIdentifier>
    </Filter>
    <Filter Include="游戏引擎\双缓冲渲染器">
      <UniqueIdentifier>{a8b38661-f015-42cc-ba4d-a0887d370b5d}</UniqueIdentifier>
    </Filter>
    <Filter Include="游戏引擎\双缓冲渲染器\控制台缓冲控制">
      <UniqueIdentifier>{f49c67a4-2ab8-4826-8da3-8990ea927c49}</UniqueIdentifier>
    </Filter>
    <Filter Include="游戏引擎\人工智能">
      <UniqueIdentifier>{43ea38f4-4a32-4daa-bfd1-c34b761f8c63}</UniqueIdentifier>
    </Filter>
  </ItemGroup>
  <ItemGroup>
    <None Include="ReadMe.txt" />
    <None Include="map.txt" />
    <None Include="User.inf" />
    <None Include="map3.txt" />
  </ItemGroup>
  <ItemGroup>
    <ClInclude Include="stdafx.h">
      <Filter>头文件</Filter>
    </ClInclude>
    <ClInclude Include="targetver.h">
      <Filter>头文件</Filter>
    </ClInclude>
    <ClInclude Include="DataUtils.h">
      <Filter>游戏引擎\通用模块\头文件</Filter>
    </ClInclude>
    <ClInclude Include="DispathMessage.h">
      <Filter>游戏引擎\通用模块\头文件</Filter>
    </ClInclude>
    <ClInclude Include="FileIO.h">
      <Filter>游戏引擎\通用模块\头文件</Filter>
    </ClInclude>
    <ClInclude Include="GameLimitState.h">
      <Filter>游戏引擎\通用模块\头文件</Filter>
    </ClInclude>
    <ClInclude Include="MapManager.h">
      <Filter>游戏引擎\通用模块\头文件</Filter>
    </ClInclude>
    <ClInclude Include="SpriteManager.h">
      <Filter>游戏引擎\通用模块\头文件</Filter>
    </ClInclude>
    <ClInclude Include="Map.h">
      <Filter>游戏引擎\模型\头文件</Filter>
    </ClInclude>
    <ClInclude Include="Scene.h">
      <Filter>游戏引擎\模型\头文件</Filter>
    </ClInclude>
    <ClInclude Include="Message.h">
      <Filter>游戏引擎\模型\头文件</Filter>
    </ClInclude>
    <ClInclude Include="LimitedState.h">
      <Filter>游戏引擎\模型\状态机模型</Filter>
    </ClInclude>
    <ClInclude Include="MemoryManager.h">
      <Filter>游戏引擎\内存管理</Filter>
    </ClInclude>
    <ClInclude Include="MemoryPool.h">
      <Filter>游戏引擎\内存管理</Filter>
    </ClInclude>
    <ClInclude Include="Ref.h">
      <Filter>游戏引擎\内存管理</Filter>
    </ClInclude>
    <ClInclude Include="Director.h">
      <Filter>游戏引擎\主模块</Filter>
    </ClInclude>
    <ClInclude Include="Node.h">
      <Filter>游戏引擎\模型</Filter>
    </ClInclude>
    <ClInclude Include="CustomUtils.h">
      <Filter>游戏引擎\模型\头文件\工具类</Filter>
    </ClInclude>
    <ClInclude Include="SimplePhysicsEngine.h">
      <Filter>游戏引擎\通用模块\头文件</Filter>
    </ClInclude>
    <ClInclude Include="Value.h">
      <Filter>游戏引擎\模型\头文件</Filter>
    </ClInclude>
    <ClInclude Include="Control.h">
      <Filter>游戏引擎\通用模块\头文件</Filter>
    </ClInclude>
    <ClInclude Include="CALLBACK_1.h">
      <Filter>游戏引擎\模型\头文件</Filter>
    </ClInclude>
    <ClInclude Include="header.h" />
    <ClInclude Include="TextOutUtils.h">
      <Filter>游戏引擎\通用模块\头文件</Filter>
    </ClInclude>
    <ClInclude Include="Sprite.h">
      <Filter>游戏引擎\模型\源文件</Filter>
    </ClInclude>
    <ClInclude Include="Actor.h">
      <Filter>游戏\模型\角色</Filter>
    </ClInclude>
    <ClInclude Include="Player.h">
      <Filter>游戏\模型\角色</Filter>
    </ClInclude>
    <ClInclude Include="Enemy.h">
      <Filter>游戏\模型\角色</Filter>
    </ClInclude>
    <ClInclude Include="Npc.h">
      <Filter>游戏\模型\角色</Filter>
    </ClInclude>
    <ClInclude Include="Item.h">
      <Filter>游戏\模型\道具</Filter>
    </ClInclude>
    <ClInclude Include="Weapon.h">
      <Filter>游戏\模型\道具</Filter>
    </ClInclude>
    <ClInclude Include="Armor.h">
      <Filter>游戏\模型\道具</Filter>
    </ClInclude>
    <ClInclude Include="Area.h">
      <Filter>游戏\模型\区域</Filter>
    </ClInclude>
    <ClInclude Include="Door.h">
      <Filter>游戏\模型\区域</Filter>
    </ClInclude>
    <ClInclude Include="Store.h">
      <Filter>游戏\模型\区域</Filter>
    </ClInclude>
    <ClInclude Include="StaticOnOff.h">
      <Filter>游戏</Filter>
    </ClInclude>
    <ClInclude Include="Task.h">
      <Filter>游戏\模型\任务</Filter>
    </ClInclude>
    <ClInclude Include="ScriptUtils.h">
      <Filter>游戏\脚本</Filter>
    </ClInclude>
    <ClInclude Include="Script.h">
      <Filter>游戏\脚本</Filter>
    </ClInclude>
    <ClInclude Include="GameManager.h">
      <Filter>游戏\管理器</Filter>
    </ClInclude>
    <ClInclude Include="ItemManager.h">
      <Filter>游戏\模型\道具</Filter>
    </ClInclude>
    <ClInclude Include="Material.h">
      <Filter>游戏\模型\道具</Filter>
    </ClInclude>
    <ClInclude Include="Equipment.h">
      <Filter>游戏\模型\道具</Filter>
    </ClInclude>
    <ClInclude Include="NpcSoldier.h">
      <Filter>游戏\模型\角色</Filter>
    </ClInclude>
    <ClInclude Include="TimerManager.h">
      <Filter>游戏引擎\通用模块\头文件</Filter>
    </ClInclude>
    <ClInclude Include="GameAIUtils.h">
      <Filter>游戏引擎\通用模块\头文件</Filter>
    </ClInclude>
    <ClInclude Include="FightSystem.h">
      <Filter>游戏\系统\战斗</Filter>
    </ClInclude>
    <ClInclude Include="Bag.h">
      <Filter>游戏\系统\背包</Filter>
    </ClInclude>
    <ClInclude Include="AssembleSystem.h">
      <Filter>游戏\系统\装备合成</Filter>
    </ClInclude>
    <ClInclude Include="SoldierAI.h">
      <Filter>游戏\模型\角色</Filter>
    </ClInclude>
    <ClInclude Include="GuiManager.h">
      <Filter>游戏\UI</Filter>
    </ClInclude>
    <ClInclude Include="UserManager.h">
      <Filter>游戏\登陆注册</Filter>
    </ClInclude>
    <ClInclude Include="RenderEngine.h">
      <Filter>游戏引擎\双缓冲渲染器</Filter>
    </ClInclude>
    <ClInclude Include="ConsoleBufferUtils.h">
      <Filter>游戏引擎\双缓冲渲染器\控制台缓冲控制</Filter>
    </ClInclude>
    <ClInclude Include="AiManager.h">
      <Filter>游戏引擎\人工智能</Filter>
    </ClInclude>
  </ItemGroup>
  <ItemGroup>
    <ClCompile Include="stdafx.cpp">
      <Filter>源文件</Filter>
    </ClCompile>
    <ClCompile Include="FirstGame.cpp">
      <Filter>源文件</Filter>
    </ClCompile>
    <ClCompile Include="MapManager.cpp">
      <Filter>游戏引擎\通用模块\源文件</Filter>
    </ClCompile>
    <ClCompile Include="DataUtils.cpp">
      <Filter>游戏引擎\通用模块\源文件</Filter>
    </ClCompile>
    <ClCompile Include="DispathMessage.cpp">
      <Filter>游戏引擎\通用模块\源文件</Filter>
    </ClCompile>
    <ClCompile Include="FileIO.cpp">
      <Filter>游戏引擎\通用模块\源文件</Filter>
    </ClCompile>
    <ClCompile Include="GameLimitState.cpp">
      <Filter>游戏引擎\通用模块\源文件</Filter>
    </ClCompile>
    <ClCompile Include="SpriteManager.cpp">
      <Filter>游戏引擎\通用模块\源文件</Filter>
    </ClCompile>
    <ClCompile Include="Map.cpp">
      <Filter>游戏引擎\模型\源文件</Filter>
    </ClCompile>
    <ClCompile Include="Sprite.cpp">
      <Filter>游戏引擎\模型\源文件</Filter>
    </ClCompile>
    <ClCompile Include="Scene.cpp">
      <Filter>游戏引擎\模型\源文件</Filter>
    </ClCompile>
    <ClCompile Include="Message.cpp">
      <Filter>游戏引擎\模型\源文件</Filter>
    </ClCompile>
    <ClCompile Include="LimitedState.cpp">
      <Filter>游戏引擎\模型\状态机模型</Filter>
    </ClCompile>
    <ClCompile Include="MemoryManager.cpp">
      <Filter>游戏引擎\内存管理</Filter>
    </ClCompile>
    <ClCompile Include="MemoryPool.cpp">
      <Filter>游戏引擎\内存管理</Filter>
    </ClCompile>
    <ClCompile Include="Ref.cpp">
      <Filter>游戏引擎\内存管理</Filter>
    </ClCompile>
    <ClCompile Include="Director.cpp">
      <Filter>游戏引擎\主模块</Filter>
    </ClCompile>
    <ClCompile Include="Node.cpp">
      <Filter>游戏引擎\模型</Filter>
    </ClCompile>
    <ClCompile Include="CustomUtils.cpp">
      <Filter>游戏引擎\模型\头文件\工具类</Filter>
    </ClCompile>
    <ClCompile Include="SimplePhysicsEngine.cpp">
      <Filter>游戏引擎\通用模块\源文件</Filter>
    </ClCompile>
    <ClCompile Include="Value.cpp">
      <Filter>游戏引擎\模型\源文件</Filter>
    </ClCompile>
    <ClCompile Include="Control.cpp">
      <Filter>游戏引擎\通用模块\源文件</Filter>
    </ClCompile>
    <ClCompile Include="CALLBACK_1.cpp">
      <Filter>游戏引擎\模型\源文件</Filter>
    </ClCompile>
    <ClCompile Include="TextOutUtils.cpp">
      <Filter>游戏引擎\通用模块\源文件</Filter>
    </ClCompile>
    <ClCompile Include="ScriptUtils.cpp">
      <Filter>游戏\脚本</Filter>
    </ClCompile>
    <ClCompile Include="Actor.cpp">
      <Filter>游戏\模型\角色</Filter>
    </ClCompile>
    <ClCompile Include="Player.cpp">
      <Filter>游戏\模型\角色</Filter>
    </ClCompile>
    <ClCompile Include="Script.cpp">
      <Filter>游戏\脚本</Filter>
    </ClCompile>
    <ClCompile Include="Npc.cpp">
      <Filter>游戏\模型\角色</Filter>
    </ClCompile>
    <ClCompile Include="Item.cpp">
      <Filter>游戏\模型\道具</Filter>
    </ClCompile>
    <ClCompile Include="Armor.cpp">
      <Filter>游戏\模型\道具</Filter>
    </ClCompile>
    <ClCompile Include="Weapon.cpp">
      <Filter>游戏\模型\道具</Filter>
    </ClCompile>
    <ClCompile Include="Area.cpp">
      <Filter>游戏\模型\区域</Filter>
    </ClCompile>
    <ClCompile Include="GameManager.cpp">
      <Filter>游戏\管理器</Filter>
    </ClCompile>
    <ClCompile Include="Door.cpp">
      <Filter>游戏\模型\区域</Filter>
    </ClCompile>
    <ClCompile Include="Store.cpp">
      <Filter>游戏\模型\区域</Filter>
    </ClCompile>
    <ClCompile Include="ItemManager.cpp">
      <Filter>游戏\模型\道具</Filter>
    </ClCompile>
    <ClCompile Include="Enemy.cpp">
      <Filter>游戏\模型\角色</Filter>
    </ClCompile>
    <ClCompile Include="TimerManager.cpp">
      <Filter>游戏引擎\通用模块\源文件</Filter>
    </ClCompile>
    <ClCompile Include="GameAIUtils.cpp">
      <Filter>游戏引擎\通用模块\源文件</Filter>
    </ClCompile>
    <ClCompile Include="FightSystem.cpp">
      <Filter>游戏\系统\战斗</Filter>
    </ClCompile>
    <ClCompile Include="Bag.cpp">
      <Filter>游戏\系统\背包</Filter>
    </ClCompile>
    <ClCompile Include="AssembleSystem.cpp">
      <Filter>游戏\系统\装备合成</Filter>
    </ClCompile>
    <ClCompile Include="SoldierAI.cpp">
      <Filter>游戏\模型\角色</Filter>
    </ClCompile>
    <ClCompile Include="GuiManager.cpp">
      <Filter>游戏\UI</Filter>
    </ClCompile>
    <ClCompile Include="UserManager.cpp">
      <Filter>游戏\登陆注册</Filter>
    </ClCompile>
    <ClCompile Include="RenderEngine.cpp">
      <Filter>游戏引擎\双缓冲渲染器</Filter>
    </ClCompile>
    <ClCompile Include="ConsoleBufferUtils.cpp">
      <Filter>游戏引擎\双缓冲渲染器\控制台缓冲控制</Filter>
    </ClCompile>
    <ClCompile Include="AiManager.cpp">
      <Filter>游戏引擎\人工智能</Filter>
    </ClCompile>
  </ItemGroup>
  <ItemGroup>
    <Text Include="event.txt">
      <Filter>资源文件</Filter>
    </Text>
    <Text Include="..\脚本.txt">
      <Filter>游戏</Filter>
    </Text>
    <Text Include="map2.txt" />
  </ItemGroup>
</Project>